{
  "name": "doubleunderscore",
  "version": "1.0.3",
  "lockfileVersion": 1,
  "requires": true,
  "dependencies": {
    "node-datetime": {
      "version": "2.0.6",
      "resolved": "https://registry.npmjs.org/node-datetime/-/node-datetime-2.0.6.tgz",
      "integrity": "sha1-q79D4A7O5Ej9CYIIj2Zifmcg4hI="
    }
  }
}
